Microsoft Visual Studio Solution File, Format Version 11.00
# Visual Studio 2015
Project("{FF8EF925-EEFC-CDF0-5364-37FE59E75ACB}") = "HISE Standalone", "HISE Standalone.vcxproj", "{50D5754C-895A-00F4-286A-A0A18A94AC68}"
EndProject
Global
	GlobalSection(SolutionConfigurationPlatforms) = preSolution
		Debug|Win32 = Debug|Win32
		Release|Win32 = Release|Win32
		Debug 64bit|x64 = Debug 64bit|x64
		Release 64bit|x64 = Release 64bit|x64
	EndGlobalSection
	GlobalSection(ProjectConfigurationPlatforms) = postSolution
		{50D5754C-895A-00F4-286A-A0A18A94AC68}.Debug|Win32.ActiveCfg = Debug|Win32
		{50D5754C-895A-00F4-286A-A0A18A94AC68}.Debug|Win32.Build.0 = Debug|Win32
		{50D5754C-895A-00F4-286A-A0A18A94AC68}.Release|Win32.ActiveCfg = Release|Win32
		{50D5754C-895A-00F4-286A-A0A18A94AC68}.Release|Win32.Build.0 = Release|Win32
		{50D5754C-895A-00F4-286A-A0A18A94AC68}.Debug 64bit|x64.ActiveCfg = Debug 64bit|x64
		{50D5754C-895A-00F4-286A-A0A18A94AC68}.Debug 64bit|x64.Build.0 = Debug 64bit|x64
		{50D5754C-895A-00F4-286A-A0A18A94AC68}.Release 64bit|x64.ActiveCfg = Release 64bit|x64
		{50D5754C-895A-00F4-286A-A0A18A94AC68}.Release 64bit|x64.Build.0 = Release 64bit|x64
	EndGlobalSection
	GlobalSection(SolutionProperties) = preSolution
		HideSolutionNode = FALSE
	EndGlobalSection
EndGlobal
